// !$*UTF8*$!
{
	archiveVersion = 1;
	classes = {
	};
	objectVersion = 46;
	objects = {

/* Begin PBXBuildFile section */
		52B97ACCA5E52D7DC1B295D0 /* Pods_DiceBox.framework in Frameworks */ = {isa = PBXBuildFile; fileRef = 957B11C32E7E72D66C5FBD72 /* Pods_DiceBox.framework */; };
		D3680331204479FF004B32F9 /* AppDelegate.swift in Sources */ = {isa = PBXBuildFile; fileRef = D3680330204479FF004B32F9 /* AppDelegate.swift */; };
		D3680333204479FF004B32F9 /* ViewController.swift in Sources */ = {isa = PBXBuildFile; fileRef = D3680332204479FF004B32F9 /* ViewController.swift */; };
		D3680336204479FF004B32F9 /* Main.storyboard in Resources */ = {isa = PBXBuildFile; fileRef = D3680334204479FF004B32F9 /* Main.storyboard */; };
		D3680338204479FF004B32F9 /* Assets.xcassets in Resources */ = {isa = PBXBuildFile; fileRef = D3680337204479FF004B32F9 /* Assets.xcassets */; };
		D368033B204479FF004B32F9 /* LaunchScreen.storyboard in Resources */ = {isa = PBXBuildFile; fileRef = D3680339204479FF004B32F9 /* LaunchScreen.storyboard */; };
/* End PBXBuildFile section */

/* Begin PBXFileReference section */
		957B11C32E7E72D66C5FBD72 /* Pods_DiceBox.framework */ = {isa = PBXFileReference; explicitFileType = wrapper.framework; includeInIndex = 0; path = Pods_DiceBox.framework; sourceTree = BUILT_PRODUCTS_DIR; };
		CB5531EB7A5C9D6E215CD5F2 /* Pods-DiceBox.release.xcconfig */ = {isa = PBXFileReference; includeInIndex = 1; lastKnownFileType = text.xcconfig; name = "Pods-DiceBox.release.xcconfig"; path = "Pods/Target Support Files/Pods-DiceBox/Pods-DiceBox.release.xcconfig"; sourceTree = "<group>"; };
		D368032D204479FF004B32F9 /* DiceBox.app */ = {isa = PBXFileReference; explicitFileType = wrapper.application; includeInIndex = 0; path = DiceBox.app; sourceTree = BUILT_PRODUCTS_DIR; };
		D3680330204479FF004B32F9 /* AppDelegate.swift */ = {isa = PBXFileReference; lastKnownFileType = sourcecode.swift; path = AppDelegate.swift; sourceTree = "<group>"; };
		D3680332204479FF004B32F9 /* ViewController.swift */ = {isa = PBXFileReference; lastKnownFileType = sourcecode.swift; path = ViewController.swift; sourceTree = "<group>"; };
		D3680335204479FF004B32F9 /* Base */ = {isa = PBXFileReference; lastKnownFileType = file.storyboard; name = Base; path = Base.lproj/Main.storyboard; sourceTree = "<group>"; };
		D3680337204479FF004B32F9 /* Assets.xcassets */ = {isa = PBXFileReference; lastKnownFileType = folder.assetcatalog; path = Assets.xcassets; sourceTree = "<group>"; };
		D368033A204479FF004B32F9 /* Base */ = {isa = PBXFileReference; lastKnownFileType = file.storyboard; name = Base; path = Base.lproj/LaunchScreen.storyboard; sourceTree = "<group>"; };
		D368033C204479FF004B32F9 /* Info.plist */ = {isa = PBXFileReference; lastKnownFileType = text.plist.xml; path = Info.plist; sourceTree = "<group>"; };
		EEBBAE1214528DBFD893C395 /* Pods-DiceBox.debug.xcconfig */ = {isa = PBXFileReference; includeInIndex = 1; lastKnownFileType = text.xcconfig; name = "Pods-DiceBox.debug.xcconfig"; path = "Pods/Target Support Files/Pods-DiceBox/Pods-DiceBox.debug.xcconfig"; sourceTree = "<group>"; };
/* End PBXFileReference section */

/* Begin PBXFrameworksBuildPhase section */
		D368032A204479FF004B32F9 /* Frameworks */ = {
			isa = PBXFrameworksBuildPhase;
			buildActionMask = 2147483647;
			files = (
				52B97ACCA5E52D7DC1B295D0 /* Pods_DiceBox.framework in Frameworks */,
			);
			runOnlyForDeploymentPostprocessing = 0;
		};
/* End PBXFrameworksBuildPhase section */

/* Begin PBXGroup section */
		0A4BB607E8E1708D47A315A4 /* Pods */ = {
			isa = PBXGroup;
			children = (
				EEBBAE1214528DBFD893C395 /* Pods-DiceBox.debug.xcconfig */,
				CB5531EB7A5C9D6E215CD5F2 /* Pods-DiceBox.release.xcconfig */,
			);
			name = Pods;
			sourceTree = "<group>";
		};
		176DD4ACBF828E87EBE1936E /* Frameworks */ = {
			isa = PBXGroup;
			children = (
				957B11C32E7E72D66C5FBD72 /* Pods_DiceBox.framework */,
			);
			name = Frameworks;
			sourceTree = "<group>";
		};
		D3680324204479FF004B32F9 = {
			isa = PBXGroup;
			children = (
				D368032F204479FF004B32F9 /* DiceBox */,
				D368032E204479FF004B32F9 /* Products */,
				0A4BB607E8E1708D47A315A4 /* Pods */,
				176DD4ACBF828E87EBE1936E /* Frameworks */,
			);
			sourceTree = "<group>";
		};
		D368032E204479FF004B32F9 /* Products */ = {
			isa = PBXGroup;
			children = (
				D368032D204479FF004B32F9 /* DiceBox.app */,
			);
			name = Products;
			sourceTree = "<group>";
		};
		D368032F204479FF004B32F9 /* DiceBox */ = {
			isa = PBXGroup;
			children = (
				D3680330204479FF004B32F9 /* AppDelegate.swift */,
				D3680332204479FF004B32F9 /* ViewController.swift */,
				D3680334204479FF004B32F9 /* Main.storyboard */,
				D3680337204479FF004B32F9 /* Assets.xcassets */,
				D3680339204479FF004B32F9 /* LaunchScreen.storyboard */,
				D368033C204479FF004B32F9 /* Info.plist */,
			);
			path = DiceBox;
			sourceTree = "<group>";
		};
/* End PBXGroup section */

/* Begin PBXNativeTarget section */
		D368032C204479FF004B32F9 /* DiceBox */ = {
			isa = PBXNativeTarget;
			buildConfigurationList = D368033F204479FF004B32F9 /* Build configuration list for PBXNativeTarget "DiceBox" */;
			buildPhases = (
				4A8341F6B561DEFD69561E2A /* [CP] Check Pods Manifest.lock */,
				D3680329204479FF004B32F9 /* Sources */,
				D368032A204479FF004B32F9 /* Frameworks */,
				D368032B204479FF004B32F9 /* Resources */,
				7335B87D2C4686E894E772B3 /* [CP] Embed Pods Frameworks */,
				FE20B415F493D8E4E809D48A /* [CP] Copy Pods Resources */,
			);
			buildRules = (
			);
			dependencies = (
			);
			name = DiceBox;
			productName = DiceBox;
			productReference = D368032D204479FF004B32F9 /* DiceBox.app */;
			productType = "com.apple.product-type.application";
		};
/* End PBXNativeTarget section */

/* Begin PBXProject section */
		D3680325204479FF004B32F9 /* Project object */ = {
			isa = PBXProject;
			attributes = {
				LastSwiftUpdateCheck = 0830;
				LastUpgradeCheck = 0830;
				ORGANIZATIONNAME = "Yash Bedi LLC";
				TargetAttributes = {
					D368032C204479FF004B32F9 = {
						CreatedOnToolsVersion = 8.3.2;
						ProvisioningStyle = Automatic;
					};
				};
			};
			buildConfigurationList = D3680328204479FF004B32F9 /* Build configuration list for PBXProject "DiceBox" */;
			compatibilityVersion = "Xcode 3.2";
			developmentRegion = English;
			hasScannedForEncodings = 0;
			knownRegions = (
				en,
				Base,
			);
			mainGroup = D3680324204479FF004B32F9;
			productRefGroup = D368032E204479FF004B32F9 /* Products */;
			projectDirPath = "";
			projectRoot = "";
			targets = (
				D368032C204479FF004B32F9 /* DiceBox */,
			);
		};
/* End PBXProject section */

/* Begin PBXResourcesBuildPhase section */
		D368032B204479FF004B32F9 /* Resources */ = {
			isa = PBXResourcesBuildPhase;
			buildActionMask = 2147483647;
			files = (
				D368033B204479FF004B32F9 /* LaunchScreen.storyboard in Resources */,
				D3680338204479FF004B32F9 /* Assets.xcassets in Resources */,
				D3680336204479FF004B32F9 /* Main.storyboard in Resources */,
			);
			runOnlyForDeploymentPostprocessing = 0;
		};
/* End PBXResourcesBuildPhase section */

/* Begin PBXShellScriptBuildPhase section */
		4A8341F6B561DEFD69561E2A /* [CP] Check Pods Manifest.lock */ = {
			isa = PBXShellScriptBuildPhase;
			buildActionMask = 2147483647;
			files = (
			);
			inputPaths = (
				"${PODS_PODFILE_DIR_PATH}/Podfile.lock",
				"${PODS_ROOT}/Manifest.lock",
			);
			name = "[CP] Check Pods Manifest.lock";
			outputPaths = (
				"$(DERIVED_FILE_DIR)/Pods-DiceBox-checkManifestLockResult.txt",
			);
			runOnlyForDeploymentPostprocessing = 0;
			shellPath = /bin/sh;
			shellScript = "diff \"${PODS_PODFILE_DIR_PATH}/Podfile.lock\" \"${PODS_ROOT}/Manifest.lock\" > /dev/null\nif [ $? != 0 ] ; then\n    # print error to STDERR\n    echo \"error: The sandbox is not in sync with the Podfile.lock. Run 'pod install' or update your CocoaPods installation.\" >&2\n    exit 1\nfi\n# This output is used by Xcode 'outputs' to avoid re-running this script phase.\necho \"SUCCESS\" > \"${SCRIPT_OUTPUT_FILE_0}\"\n";
			showEnvVarsInLog = 0;
		};
		7335B87D2C4686E894E772B3 /* [CP] Embed Pods Frameworks */ = {
			isa = PBXShellScriptBuildPhase;
			buildActionMask = 2147483647;
			files = (
			);
			inputPaths = (
				"${SRCROOT}/Pods/Target Support Files/Pods-DiceBox/Pods-DiceBox-frameworks.sh",
				"${BUILT_PRODUCTS_DIR}/Alamofire/Alamofire.framework",
			);
			name = "[CP] Embed Pods Frameworks";
			outputPaths = (
				"${TARGET_BUILD_DIR}/${FRAMEWORKS_FOLDER_PATH}/Alamofire.framework",
			);
			runOnlyForDeploymentPostprocessing = 0;
			shellPath = /bin/sh;
			shellScript = "\"${SRCROOT}/Pods/Target Support Files/Pods-DiceBox/Pods-DiceBox-frameworks.sh\"\n";
			showEnvVarsInLog = 0;
		};
		FE20B415F493D8E4E809D48A /* [CP] Copy Pods Resources */ = {
			isa = PBXShellScriptBuildPhase;
			buildActionMask = 2147483647;
			files = (
			);
			inputPaths = (
			);
			name = "[CP] Copy Pods Resources";
			outputPaths = (
			);
			runOnlyForDeploymentPostprocessing = 0;
			shellPath = /bin/sh;
			shellScript = "\"${SRCROOT}/Pods/Target Support Files/Pods-DiceBox/Pods-DiceBox-resources.sh\"\n";
			showEnvVarsInLog = 0;
		};
/* End PBXShellScriptBuildPhase section */

/* Begin PBXSourcesBuildPhase section */
		D3680329204479FF004B32F9 /* Sources */ = {
			isa = PBXSourcesBuildPhase;
			buildActionMask = 2147483647;
			files = (
				D3680333204479FF004B32F9 /* ViewController.swift in Sources */,
				D3680331204479FF004B32F9 /* AppDelegate.swift in Sources */,
			);
			runOnlyForDeploymentPostprocessing = 0;
		};
/* End PBXSourcesBuildPhase section */

/* Begin PBXVariantGroup section */
		D3680334204479FF004B32F9 /* Main.storyboard */ = {
			isa = PBXVariantGroup;
			children = (
				D3680335204479FF004B32F9 /* Base */,
			);
			name = Main.storyboard;
			sourceTree = "<group>";
		};
		D3680339204479FF004B32F9 /* LaunchScreen.storyboard */ = {
			isa = PBXVariantGroup;
			children = (
				D368033A204479FF004B32F9 /* Base */,
			);
			name = LaunchScreen.storyboard;
			sourceTree = "<group>";
		};
/* End PBXVariantGroup section */

/* Begin XCBuildConfiguration section */
		D368033D204479FF004B32F9 /* Debug */ = {
			isa = XCBuildConfiguration;
			buildSettings = {
				ALWAYS_SEARCH_USER_PATHS = NO;
				CLANG_ANALYZER_NONNULL = YES;
				CLANG_ANALYZER_NUMBER_OBJECT_CONVERSION = YES_AGGRESSIVE;
				CLANG_CXX_LANGUAGE_STANDARD = "gnu++0x";
				CLANG_CXX_LIBRARY = "libc++";
				CLANG_ENABLE_MODULES = YES;
				CLANG_ENABLE_OBJC_ARC = YES;
				CLANG_WARN_BOOL_CONVERSION = YES;
				CLANG_WARN_CONSTANT_CONVERSION = YES;
				CLANG_WARN_DIRECT_OBJC_ISA_USAGE = YES_ERROR;
				CLANG_WARN_DOCUMENTATION_COMMENTS = YES;
				CLANG_WARN_EMPTY_BODY = YES;
				CLANG_WARN_ENUM_CONVERSION = YES;
				CLANG_WARN_INFINITE_RECURSION = YES;
				CLANG_WARN_INT_CONVERSION = YES;
				CLANG_WARN_OBJC_ROOT_CLASS = YES_ERROR;
				CLANG_WARN_SUSPICIOUS_MOVE = YES;
				CLANG_WARN_UNREACHABLE_CODE = YES;
				CLANG_WARN__DUPLICATE_METHOD_MATCH = YES;
				"CODE_SIGN_IDENTITY[sdk=iphoneos*]" = "iPhone Developer";
				COPY_PHASE_STRIP = NO;
				DEBUG_INFORMATION_FORMAT = dwarf;
				ENABLE_STRICT_OBJC_MSGSEND = YES;
				ENABLE_TESTABILITY = YES;
				GCC_C_LANGUAGE_STANDARD = gnu99;
				GCC_DYNAMIC_NO_PIC = NO;
				GCC_NO_COMMON_BLOCKS = YES;
				GCC_OPTIMIZATION_LEVEL = 0;
				GCC_PREPROCESSOR_DEFINITIONS = (
					"DEBUG=1",
					"$(inherited)",
				);
				GCC_WARN_64_TO_32_BIT_CONVERSION = YES;
				GCC_WARN_ABOUT_RETURN_TYPE = YES_ERROR;
				GCC_WARN_UNDECLARED_SELECTOR = YES;
				GCC_WARN_UNINITIALIZED_AUTOS = YES_AGGRESSIVE;
				GCC_WARN_UNUSED_FUNCTION = YES;
				GCC_WARN_UNUSED_VARIABLE = YES;
				IPHONEOS_DEPLOYMENT_TARGET = 10.3;
				MTL_ENABLE_DEBUG_INFO = YES;
				ONLY_ACTIVE_ARCH = YES;
				SDKROOT = iphoneos;
				SWIFT_ACTIVE_COMPILATION_CONDITIONS = DEBUG;
				SWIFT_OPTIMIZATION_LEVEL = "-Onone";
			};
			name = Debug;
		};
		D368033E204479FF004B32F9 /* Release */ = {
			isa = XCBuildConfiguration;
			buildSettings = {
				ALWAYS_SEARCH_USER_PATHS = NO;
				CLANG_ANALYZER_NONNULL = YES;
				CLANG_ANALYZER_NUMBER_OBJECT_CONVERSION = YES_AGGRESSIVE;
				CLANG_CXX_LANGUAGE_STANDARD = "gnu++0x";
				CLANG_CXX_LIBRARY = "libc++";
				CLANG_ENABLE_MODULES = YES;
				CLANG_ENABLE_OBJC_ARC = YES;
				CLANG_WARN_BOOL_CONVERSION = YES;
				CLANG_WARN_CONSTANT_CONVERSION = YES;
				CLANG_WARN_DIRECT_OBJC_ISA_USAGE = YES_ERROR;
				CLANG_WARN_DOCUMENTATION_COMMENTS = YES;
				CLANG_WARN_EMPTY_BODY = YES;
				CLANG_WARN_ENUM_CONVERSION = YES;
				CLANG_WARN_INFINITE_RECURSION = YES;
				CLANG_WARN_INT_CONVERSION = YES;
				CLANG_WARN_OBJC_ROOT_CLASS = YES_ERROR;
				CLANG_WARN_SUSPICIOUS_MOVE = YES;
				CLANG_WARN_UNREACHABLE_CODE = YES;
				CLANG_WARN__DUPLICATE_METHOD_MATCH = YES;
				"CODE_SIGN_IDENTITY[sdk=iphoneos*]" = "iPhone Developer";
				COPY_PHASE_STRIP = NO;
				DEBUG_INFORMATION_FORMAT = "dwarf-with-dsym";
				ENABLE_NS_ASSERTIONS = NO;
				ENABLE_STRICT_OBJC_MSGSEND = YES;
				GCC_C_LANGUAGE_STANDARD = gnu99;
				GCC_NO_COMMON_BLOCKS = YES;
				GCC_WARN_64_TO_32_BIT_CONVERSION = YES;
				GCC_WARN_ABOUT_RETURN_TYPE = YES_ERROR;
				GCC_WARN_UNDECLARED_SELECTOR = YES;
				GCC_WARN_UNINITIALIZED_AUTOS = YES_AGGRESSIVE;
				GCC_WARN_UNUSED_FUNCTION = YES;
				GCC_WARN_UNUSED_VARIABLE = YES;
				IPHONEOS_DEPLOYMENT_TARGET = 10.3;
				MTL_ENABLE_DEBUG_INFO = NO;
				SDKROOT = iphoneos;
				SWIFT_OPTIMIZATION_LEVEL = "-Owholemodule";
				VALIDATE_PRODUCT = YES;
			};
			name = Release;
		};
		D3680340204479FF004B32F9 /* Debug */ = {
			isa = XCBuildConfiguration;
			baseConfigurationReference = EEBBAE1214528DBFD893C395 /* Pods-DiceBox.debug.xcconfig */;
			buildSettings = {
				ASSETCATALOG_COMPILER_APPICON_NAME = AppIcon;
				INFOPLIST_FILE = DiceBox/Info.plist;
				IPHONEOS_DEPLOYMENT_TARGET = 9.0;
				LD_RUNPATH_SEARCH_PATHS = "$(inherited) @executable_path/Frameworks";
				PRODUCT_BUNDLE_IDENTIFIER = com.yashbedi.DiceBox;
				PRODUCT_NAME = "$(TARGET_NAME)";
				SWIFT_VERSION = 3.0;
			};
			name = Debug;
		};
		D3680341204479FF004B32F9 /* Release */ = {
			isa = XCBuildConfiguration;
			baseConfigurationReference = CB5531EB7A5C9D6E215CD5F2 /* Pods-DiceBox.release.xcconfig */;
			buildSettings = {
				ASSETCATALOG_COMPILER_APPICON_NAME = AppIcon;
				INFOPLIST_FILE = DiceBox/Info.plist;
				IPHONEOS_DEPLOYMENT_TARGET = 9.0;
				LD_RUNPATH_SEARCH_PATHS = "$(inherited) @executable_path/Frameworks";
				PRODUCT_BUNDLE_IDENTIFIER = com.yashbedi.DiceBox;
				PRODUCT_NAME = "$(TARGET_NAME)";
				SWIFT_VERSION = 3.0;
			};
			name = Release;
		};
/* End XCBuildConfiguration section */

/* Begin XCConfigurationList section */
		D3680328204479FF004B32F9 /* Build configuration list for PBXProject "DiceBox" */ = {
			isa = XCConfigurationList;
			buildConfigurations = (
				D368033D204479FF004B32F9 /* Debug */,
				D368033E204479FF004B32F9 /* Release */,
			);
			defaultConfigurationIsVisible = 0;
			defaultConfigurationName = Release;
		};
		D368033F204479FF004B32F9 /* Build configuration list for PBXNativeTarget "DiceBox" */ = {
			isa = XCConfigurationList;
			buildConfigurations = (
				D3680340204479FF004B32F9 /* Debug */,
				D3680341204479FF004B32F9 /* Release */,
			);
			defaultConfigurationIsVisible = 0;
		};
/* End XCConfigurationList section */
	};
	rootObject = D3680325204479FF004B32F9 /* Project object */;
}
